
Microsoft Visual Studio Solution File, Format Version 12.00
# Visual Studio Version 17
VisualStudioVersion = 17.3.32929.385
MinimumVisualStudioVersion = 10.0.40219.1
Project("{FAE04EC0-301F-11D3-BF4B-00C04F79EFBC}") = "Skakspil", "Skakspil\Skakspil.csproj", "{4E86F28E-DF82-454F-9FED-6F433C5B0E4C}"
EndProject
Global
	GlobalSection(SolutionConfigurationPlatforms) = preSolution
		Debug|Any CPU = Debug|Any CPU
		Release|Any CPU = Release|Any CPU
	EndGlobalSection
	GlobalSection(ProjectConfigurationPlatforms) = postSolution
		{4E86F28E-DF82-454F-9FED-6F433C5B0E4C}.Debug|Any CPU.ActiveCfg = Debug|Any CPU
		{4E86F28E-DF82-454F-9FED-6F433C5B0E4C}.Debug|Any CPU.Build.0 = Debug|Any CPU
		{4E86F28E-DF82-454F-9FED-6F433C5B0E4C}.Release|Any CPU.ActiveCfg = Release|Any CPU
		{4E86F28E-DF82-454F-9FED-6F433C5B0E4C}.Release|Any CPU.Build.0 = Release|Any CPU
	EndGlobalSection
	GlobalSection(SolutionProperties) = preSolution
		HideSolutionNode = FALSE
	EndGlobalSection
	GlobalSection(ExtensibilityGlobals) = postSolution
		SolutionGuid = {9CADCD09-542E-4531-8EB1-E582FC6BDF87}
	EndGlobalSection
EndGlobal
